// !$*UTF8*$!
{
	archiveVersion = 1;
	classes = {
	};
	objectVersion = 56;
	objects = {

/* Begin PBXBuildFile section */
		0465BE702C2649D900CDE176 /* PadatoApp.swift in Sources */ = {isa = PBXBuildFile; fileRef = 0465BE6F2C2649D900CDE176 /* PadatoApp.swift */; };
		0465BE722C2649D900CDE176 /* ContentView.swift in Sources */ = {isa = PBXBuildFile; fileRef = 0465BE712C2649D900CDE176 /* ContentView.swift */; };
		0465BE742C2649DA00CDE176 /* Assets.xcassets in Resources */ = {isa = PBXBuildFile; fileRef = 0465BE732C2649DA00CDE176 /* Assets.xcassets */; };
		0465BE772C2649DA00CDE176 /* Preview Assets.xcassets in Resources */ = {isa = PBXBuildFile; fileRef = 0465BE762C2649DA00CDE176 /* Preview Assets.xcassets */; };
		0465BE852C264B1F00CDE176 /* Structs.swift in Sources */ = {isa = PBXBuildFile; fileRef = 0465BE842C264B1F00CDE176 /* Structs.swift */; };
		0465BE882C264BD400CDE176 /* EditarPerfil.swift in Sources */ = {isa = PBXBuildFile; fileRef = 0465BE872C264BD400CDE176 /* EditarPerfil.swift */; };
		0465BE8A2C264BE300CDE176 /* Ofensiva.swift in Sources */ = {isa = PBXBuildFile; fileRef = 0465BE892C264BE300CDE176 /* Ofensiva.swift */; };
		0465BE8C2C264BEF00CDE176 /* Stats.swift in Sources */ = {isa = PBXBuildFile; fileRef = 0465BE8B2C264BEF00CDE176 /* Stats.swift */; };
		0465BE8E2C264C0A00CDE176 /* DecksPublicos.swift in Sources */ = {isa = PBXBuildFile; fileRef = 0465BE8D2C264C0A00CDE176 /* DecksPublicos.swift */; };
		0465BE902C264C2800CDE176 /* Perfil.swift in Sources */ = {isa = PBXBuildFile; fileRef = 0465BE8F2C264C2800CDE176 /* Perfil.swift */; };
/* End PBXBuildFile section */

/* Begin PBXFileReference section */
		0465BE6C2C2649D900CDE176 /* Padato.app */ = {isa = PBXFileReference; explicitFileType = wrapper.application; includeInIndex = 0; path = Padato.app; sourceTree = BUILT_PRODUCTS_DIR; };
		0465BE6F2C2649D900CDE176 /* PadatoApp.swift */ = {isa = PBXFileReference; lastKnownFileType = sourcecode.swift; path = PadatoApp.swift; sourceTree = "<group>"; };
		0465BE712C2649D900CDE176 /* ContentView.swift */ = {isa = PBXFileReference; lastKnownFileType = sourcecode.swift; path = ContentView.swift; sourceTree = "<group>"; };
		0465BE732C2649DA00CDE176 /* Assets.xcassets */ = {isa = PBXFileReference; lastKnownFileType = folder.assetcatalog; path = Assets.xcassets; sourceTree = "<group>"; };
		0465BE762C2649DA00CDE176 /* Preview Assets.xcassets */ = {isa = PBXFileReference; lastKnownFileType = folder.assetcatalog; path = "Preview Assets.xcassets"; sourceTree = "<group>"; };
		0465BE842C264B1F00CDE176 /* Structs.swift */ = {isa = PBXFileReference; lastKnownFileType = sourcecode.swift; path = Structs.swift; sourceTree = "<group>"; };
		0465BE872C264BD400CDE176 /* EditarPerfil.swift */ = {isa = PBXFileReference; lastKnownFileType = sourcecode.swift; path = EditarPerfil.swift; sourceTree = "<group>"; };
		0465BE892C264BE300CDE176 /* Ofensiva.swift */ = {isa = PBXFileReference; lastKnownFileType = sourcecode.swift; path = Ofensiva.swift; sourceTree = "<group>"; };
		0465BE8B2C264BEF00CDE176 /* Stats.swift */ = {isa = PBXFileReference; lastKnownFileType = sourcecode.swift; path = Stats.swift; sourceTree = "<group>"; };
		0465BE8D2C264C0A00CDE176 /* DecksPublicos.swift */ = {isa = PBXFileReference; lastKnownFileType = sourcecode.swift; path = DecksPublicos.swift; sourceTree = "<group>"; };
		0465BE8F2C264C2800CDE176 /* Perfil.swift */ = {isa = PBXFileReference; lastKnownFileType = sourcecode.swift; path = Perfil.swift; sourceTree = "<group>"; };
/* End PBXFileReference section */

/* Begin PBXFrameworksBuildPhase section */
		0465BE692C2649D900CDE176 /* Frameworks */ = {
			isa = PBXFrameworksBuildPhase;
			buildActionMask = 2147483647;
			files = (
			);
			runOnlyForDeploymentPostprocessing = 0;
		};
/* End PBXFrameworksBuildPhase section */

/* Begin PBXGroup section */
		0465BE632C2649D900CDE176 = {
			isa = PBXGroup;
			children = (
				0465BE6E2C2649D900CDE176 /* Padato */,
				0465BE6D2C2649D900CDE176 /* Products */,
			);
			sourceTree = "<group>";
		};
		0465BE6D2C2649D900CDE176 /* Products */ = {
			isa = PBXGroup;
			children = (
				0465BE6C2C2649D900CDE176 /* Padato.app */,
			);
			name = Products;
			sourceTree = "<group>";
		};
		0465BE6E2C2649D900CDE176 /* Padato */ = {
			isa = PBXGroup;
			children = (
				0465BE712C2649D900CDE176 /* ContentView.swift */,
				0465BE862C264B5300CDE176 /* Profile */,
				0465BE7F2C264A5F00CDE176 /* MainPage */,
				0465BE6F2C2649D900CDE176 /* PadatoApp.swift */,
				0465BE732C2649DA00CDE176 /* Assets.xcassets */,
				0465BE752C2649DA00CDE176 /* Preview Content */,
			);
			path = Padato;
			sourceTree = "<group>";
		};
		0465BE752C2649DA00CDE176 /* Preview Content */ = {
			isa = PBXGroup;
			children = (
				0465BE762C2649DA00CDE176 /* Preview Assets.xcassets */,
			);
			path = "Preview Content";
			sourceTree = "<group>";
		};
		0465BE7F2C264A5F00CDE176 /* MainPage */ = {
			isa = PBXGroup;
			children = (
				0465BE842C264B1F00CDE176 /* Structs.swift */,
			);
			path = MainPage;
			sourceTree = "<group>";
		};
		0465BE862C264B5300CDE176 /* Profile */ = {
			isa = PBXGroup;
			children = (
				0465BE872C264BD400CDE176 /* EditarPerfil.swift */,
				0465BE892C264BE300CDE176 /* Ofensiva.swift */,
				0465BE8B2C264BEF00CDE176 /* Stats.swift */,
				0465BE8D2C264C0A00CDE176 /* DecksPublicos.swift */,
				0465BE8F2C264C2800CDE176 /* Perfil.swift */,
			);
			path = Profile;
			sourceTree = "<group>";
		};
/* End PBXGroup section */

/* Begin PBXNativeTarget section */
		0465BE6B2C2649D900CDE176 /* Padato */ = {
			isa = PBXNativeTarget;
			buildConfigurationList = 0465BE7A2C2649DA00CDE176 /* Build configuration list for PBXNativeTarget "Padato" */;
			buildPhases = (
				0465BE682C2649D900CDE176 /* Sources */,
				0465BE692C2649D900CDE176 /* Frameworks */,
				0465BE6A2C2649D900CDE176 /* Resources */,
			);
			buildRules = (
			);
			dependencies = (
			);
			name = Padato;
			productName = Padato;
			productReference = 0465BE6C2C2649D900CDE176 /* Padato.app */;
			productType = "com.apple.product-type.application";
		};
/* End PBXNativeTarget section */

/* Begin PBXProject section */
		0465BE642C2649D900CDE176 /* Project object */ = {
			isa = PBXProject;
			attributes = {
				BuildIndependentTargetsInParallel = 1;
				LastSwiftUpdateCheck = 1520;
				LastUpgradeCheck = 1520;
				TargetAttributes = {
					0465BE6B2C2649D900CDE176 = {
						CreatedOnToolsVersion = 15.2;
					};
				};
			};
			buildConfigurationList = 0465BE672C2649D900CDE176 /* Build configuration list for PBXProject "Padato" */;
			compatibilityVersion = "Xcode 14.0";
			developmentRegion = en;
			hasScannedForEncodings = 0;
			knownRegions = (
				en,
				Base,
			);
			mainGroup = 0465BE632C2649D900CDE176;
			productRefGroup = 0465BE6D2C2649D900CDE176 /* Products */;
			projectDirPath = "";
			projectRoot = "";
			targets = (
				0465BE6B2C2649D900CDE176 /* Padato */,
			);
		};
/* End PBXProject section */

/* Begin PBXResourcesBuildPhase section */
		0465BE6A2C2649D900CDE176 /* Resources */ = {
			isa = PBXResourcesBuildPhase;
			buildActionMask = 2147483647;
			files = (
				0465BE772C2649DA00CDE176 /* Preview Assets.xcassets in Resources */,
				0465BE742C2649DA00CDE176 /* Assets.xcassets in Resources */,
			);
			runOnlyForDeploymentPostprocessing = 0;
		};
/* End PBXResourcesBuildPhase section */

/* Begin PBXSourcesBuildPhase section */
		0465BE682C2649D900CDE176 /* Sources */ = {
			isa = PBXSourcesBuildPhase;
			buildActionMask = 2147483647;
			files = (
				0465BE8A2C264BE300CDE176 /* Ofensiva.swift in Sources */,
				0465BE902C264C2800CDE176 /* Perfil.swift in Sources */,
				0465BE8C2C264BEF00CDE176 /* Stats.swift in Sources */,
				0465BE882C264BD400CDE176 /* EditarPerfil.swift in Sources */,
				0465BE852C264B1F00CDE176 /* Structs.swift in Sources */,
				0465BE722C2649D900CDE176 /* ContentView.swift in Sources */,
				0465BE702C2649D900CDE176 /* PadatoApp.swift in Sources */,
				0465BE8E2C264C0A00CDE176 /* DecksPublicos.swift in Sources */,
			);
			runOnlyForDeploymentPostprocessing = 0;
		};
/* End PBXSourcesBuildPhase section */

/* Begin XCBuildConfiguration section */
		0465BE782C2649DA00CDE176 /* Debug */ = {
			isa = XCBuildConfiguration;
			buildSettings = {
				ALWAYS_SEARCH_USER_PATHS = NO;
				ASSETCATALOG_COMPILER_GENERATE_SWIFT_ASSET_SYMBOL_EXTENSIONS = YES;
				CLANG_ANALYZER_NONNULL = YES;
				CLANG_ANALYZER_NUMBER_OBJECT_CONVERSION = YES_AGGRESSIVE;
				CLANG_CXX_LANGUAGE_STANDARD = "gnu++20";
				CLANG_ENABLE_MODULES = YES;
				CLANG_ENABLE_OBJC_ARC = YES;
				CLANG_ENABLE_OBJC_WEAK = YES;
				CLANG_WARN_BLOCK_CAPTURE_AUTORELEASING = YES;
				CLANG_WARN_BOOL_CONVERSION = YES;
				CLANG_WARN_COMMA = YES;
				CLANG_WARN_CONSTANT_CONVERSION = YES;
				CLANG_WARN_DEPRECATED_OBJC_IMPLEMENTATIONS = YES;
				CLANG_WARN_DIRECT_OBJC_ISA_USAGE = YES_ERROR;
				CLANG_WARN_DOCUMENTATION_COMMENTS = YES;
				CLANG_WARN_EMPTY_BODY = YES;
				CLANG_WARN_ENUM_CONVERSION = YES;
				CLANG_WARN_INFINITE_RECURSION = YES;
				CLANG_WARN_INT_CONVERSION = YES;
				CLANG_WARN_NON_LITERAL_NULL_CONVERSION = YES;
				CLANG_WARN_OBJC_IMPLICIT_RETAIN_SELF = YES;
				CLANG_WARN_OBJC_LITERAL_CONVERSION = YES;
				CLANG_WARN_OBJC_ROOT_CLASS = YES_ERROR;
				CLANG_WARN_QUOTED_INCLUDE_IN_FRAMEWORK_HEADER = YES;
				CLANG_WARN_RANGE_LOOP_ANALYSIS = YES;
				CLANG_WARN_STRICT_PROTOTYPES = YES;
				CLANG_WARN_SUSPICIOUS_MOVE = YES;
				CLANG_WARN_UNGUARDED_AVAILABILITY = YES_AGGRESSIVE;
				CLANG_WARN_UNREACHABLE_CODE = YES;
				CLANG_WARN__DUPLICATE_METHOD_MATCH = YES;
				COPY_PHASE_STRIP = NO;
				DEBUG_INFORMATION_FORMAT = dwarf;
				ENABLE_STRICT_OBJC_MSGSEND = YES;
				ENABLE_TESTABILITY = YES;
				ENABLE_USER_SCRIPT_SANDBOXING = YES;
				GCC_C_LANGUAGE_STANDARD = gnu17;
				GCC_DYNAMIC_NO_PIC = NO;
				GCC_NO_COMMON_BLOCKS = YES;
				GCC_OPTIMIZATION_LEVEL = 0;
				GCC_PREPROCESSOR_DEFINITIONS = (
					"DEBUG=1",
					"$(inherited)",
				);
				GCC_WARN_64_TO_32_BIT_CONVERSION = YES;
				GCC_WARN_ABOUT_RETURN_TYPE = YES_ERROR;
				GCC_WARN_UNDECLARED_SELECTOR = YES;
				GCC_WARN_UNINITIALIZED_AUTOS = YES_AGGRESSIVE;
				GCC_WARN_UNUSED_FUNCTION = YES;
				GCC_WARN_UNUSED_VARIABLE = YES;
				IPHONEOS_DEPLOYMENT_TARGET = 17.2;
				LOCALIZATION_PREFERS_STRING_CATALOGS = YES;
				MTL_ENABLE_DEBUG_INFO = INCLUDE_SOURCE;
				MTL_FAST_MATH = YES;
				ONLY_ACTIVE_ARCH = YES;
				SDKROOT = iphoneos;
				SWIFT_ACTIVE_COMPILATION_CONDITIONS = "DEBUG $(inherited)";
				SWIFT_OPTIMIZATION_LEVEL = "-Onone";
			};
			name = Debug;
		};
		0465BE792C2649DA00CDE176 /* Release */ = {
			isa = XCBuildConfiguration;
			buildSettings = {
				ALWAYS_SEARCH_USER_PATHS = NO;
				ASSETCATALOG_COMPILER_GENERATE_SWIFT_ASSET_SYMBOL_EXTENSIONS = YES;
				CLANG_ANALYZER_NONNULL = YES;
				CLANG_ANALYZER_NUMBER_OBJECT_CONVERSION = YES_AGGRESSIVE;
				CLANG_CXX_LANGUAGE_STANDARD = "gnu++20";
				CLANG_ENABLE_MODULES = YES;
				CLANG_ENABLE_OBJC_ARC = YES;
				CLANG_ENABLE_OBJC_WEAK = YES;
				CLANG_WARN_BLOCK_CAPTURE_AUTORELEASING = YES;
				CLANG_WARN_BOOL_CONVERSION = YES;
				CLANG_WARN_COMMA = YES;
				CLANG_WARN_CONSTANT_CONVERSION = YES;
				CLANG_WARN_DEPRECATED_OBJC_IMPLEMENTATIONS = YES;
				CLANG_WARN_DIRECT_OBJC_ISA_USAGE = YES_ERROR;
				CLANG_WARN_DOCUMENTATION_COMMENTS = YES;
				CLANG_WARN_EMPTY_BODY = YES;
				CLANG_WARN_ENUM_CONVERSION = YES;
				CLANG_WARN_INFINITE_RECURSION = YES;
				CLANG_WARN_INT_CONVERSION = YES;
				CLANG_WARN_NON_LITERAL_NULL_CONVERSION = YES;
				CLANG_WARN_OBJC_IMPLICIT_RETAIN_SELF = YES;
				CLANG_WARN_OBJC_LITERAL_CONVERSION = YES;
				CLANG_WARN_OBJC_ROOT_CLASS = YES_ERROR;
				CLANG_WARN_QUOTED_INCLUDE_IN_FRAMEWORK_HEADER = YES;
				CLANG_WARN_RANGE_LOOP_ANALYSIS = YES;
				CLANG_WARN_STRICT_PROTOTYPES = YES;
				CLANG_WARN_SUSPICIOUS_MOVE = YES;
				CLANG_WARN_UNGUARDED_AVAILABILITY = YES_AGGRESSIVE;
				CLANG_WARN_UNREACHABLE_CODE = YES;
				CLANG_WARN__DUPLICATE_METHOD_MATCH = YES;
				COPY_PHASE_STRIP = NO;
				DEBUG_INFORMATION_FORMAT = "dwarf-with-dsym";
				ENABLE_NS_ASSERTIONS = NO;
				ENABLE_STRICT_OBJC_MSGSEND = YES;
				ENABLE_USER_SCRIPT_SANDBOXING = YES;
				GCC_C_LANGUAGE_STANDARD = gnu17;
				GCC_NO_COMMON_BLOCKS = YES;
				GCC_WARN_64_TO_32_BIT_CONVERSION = YES;
				GCC_WARN_ABOUT_RETURN_TYPE = YES_ERROR;
				GCC_WARN_UNDECLARED_SELECTOR = YES;
				GCC_WARN_UNINITIALIZED_AUTOS = YES_AGGRESSIVE;
				GCC_WARN_UNUSED_FUNCTION = YES;
				GCC_WARN_UNUSED_VARIABLE = YES;
				IPHONEOS_DEPLOYMENT_TARGET = 17.2;
				LOCALIZATION_PREFERS_STRING_CATALOGS = YES;
				MTL_ENABLE_DEBUG_INFO = NO;
				MTL_FAST_MATH = YES;
				SDKROOT = iphoneos;
				SWIFT_COMPILATION_MODE = wholemodule;
				VALIDATE_PRODUCT = YES;
			};
			name = Release;
		};
		0465BE7B2C2649DA00CDE176 /* Debug */ = {
			isa = XCBuildConfiguration;
			buildSettings = {
				ASSETCATALOG_COMPILER_APPICON_NAME = AppIcon;
				ASSETCATALOG_COMPILER_GLOBAL_ACCENT_COLOR_NAME = AccentColor;
				CODE_SIGN_STYLE = Automatic;
				CURRENT_PROJECT_VERSION = 1;
				DEVELOPMENT_ASSET_PATHS = "\"Padato/Preview Content\"";
				ENABLE_PREVIEWS = YES;
				GENERATE_INFOPLIST_FILE = YES;
				INFOPLIST_KEY_UIApplicationSceneManifest_Generation = YES;
				INFOPLIST_KEY_UIApplicationSupportsIndirectInputEvents = YES;
				INFOPLIST_KEY_UILaunchScreen_Generation = YES;
				INFOPLIST_KEY_UISupportedInterfaceOrientations_iPad = "UIInterfaceOrientationPortrait UIInterfaceOrientationPortraitUpsideDown UIInterfaceOrientationLandscapeLeft UIInterfaceOrientationLandscapeRight";
				INFOPLIST_KEY_UISupportedInterfaceOrientations_iPhone = "UIInterfaceOrientationPortrait UIInterfaceOrientationLandscapeLeft UIInterfaceOrientationLandscapeRight";
				LD_RUNPATH_SEARCH_PATHS = (
					"$(inherited)",
					"@executable_path/Frameworks",
				);
				MARKETING_VERSION = 1.0;
				PRODUCT_BUNDLE_IDENTIFIER = com.br.arturvitor.Padato;
				PRODUCT_NAME = "$(TARGET_NAME)";
				SWIFT_EMIT_LOC_STRINGS = YES;
				SWIFT_VERSION = 5.0;
				TARGETED_DEVICE_FAMILY = "1,2";
			};
			name = Debug;
		};
		0465BE7C2C2649DA00CDE176 /* Release */ = {
			isa = XCBuildConfiguration;
			buildSettings = {
				ASSETCATALOG_COMPILER_APPICON_NAME = AppIcon;
				ASSETCATALOG_COMPILER_GLOBAL_ACCENT_COLOR_NAME = AccentColor;
				CODE_SIGN_STYLE = Automatic;
				CURRENT_PROJECT_VERSION = 1;
				DEVELOPMENT_ASSET_PATHS = "\"Padato/Preview Content\"";
				ENABLE_PREVIEWS = YES;
				GENERATE_INFOPLIST_FILE = YES;
				INFOPLIST_KEY_UIApplicationSceneManifest_Generation = YES;
				INFOPLIST_KEY_UIApplicationSupportsIndirectInputEvents = YES;
				INFOPLIST_KEY_UILaunchScreen_Generation = YES;
				INFOPLIST_KEY_UISupportedInterfaceOrientations_iPad = "UIInterfaceOrientationPortrait UIInterfaceOrientationPortraitUpsideDown UIInterfaceOrientationLandscapeLeft UIInterfaceOrientationLandscapeRight";
				INFOPLIST_KEY_UISupportedInterfaceOrientations_iPhone = "UIInterfaceOrientationPortrait UIInterfaceOrientationLandscapeLeft UIInterfaceOrientationLandscapeRight";
				LD_RUNPATH_SEARCH_PATHS = (
					"$(inherited)",
					"@executable_path/Frameworks",
				);
				MARKETING_VERSION = 1.0;
				PRODUCT_BUNDLE_IDENTIFIER = com.br.arturvitor.Padato;
				PRODUCT_NAME = "$(TARGET_NAME)";
				SWIFT_EMIT_LOC_STRINGS = YES;
				SWIFT_VERSION = 5.0;
				TARGETED_DEVICE_FAMILY = "1,2";
			};
			name = Release;
		};
/* End XCBuildConfiguration section */

/* Begin XCConfigurationList section */
		0465BE672C2649D900CDE176 /* Build configuration list for PBXProject "Padato" */ = {
			isa = XCConfigurationList;
			buildConfigurations = (
				0465BE782C2649DA00CDE176 /* Debug */,
				0465BE792C2649DA00CDE176 /* Release */,
			);
			defaultConfigurationIsVisible = 0;
			defaultConfigurationName = Release;
		};
		0465BE7A2C2649DA00CDE176 /* Build configuration list for PBXNativeTarget "Padato" */ = {
			isa = XCConfigurationList;
			buildConfigurations = (
				0465BE7B2C2649DA00CDE176 /* Debug */,
				0465BE7C2C2649DA00CDE176 /* Release */,
			);
			defaultConfigurationIsVisible = 0;
			defaultConfigurationName = Release;
		};
/* End XCConfigurationList section */
	};
	rootObject = 0465BE642C2649D900CDE176 /* Project object */;
}
